// !$*UTF8*$!
{
	archiveVersion = 1;
	classes = {
	};
	objectVersion = 50;
	objects = {

/* Begin PBXBuildFile section */
		0DE0B40426AA140600BCB033 /* AppDelegate.swift in Sources */ = {isa = PBXBuildFile; fileRef = 0DE0B40326AA140600BCB033 /* AppDelegate.swift */; };
		0DE0B40626AA140600BCB033 /* SceneDelegate.swift in Sources */ = {isa = PBXBuildFile; fileRef = 0DE0B40526AA140600BCB033 /* SceneDelegate.swift */; };
		0DE0B40826AA140600BCB033 /* ViewController.swift in Sources */ = {isa = PBXBuildFile; fileRef = 0DE0B40726AA140600BCB033 /* ViewController.swift */; };
		0DE0B40B26AA140600BCB033 /* Main.storyboard in Resources */ = {isa = PBXBuildFile; fileRef = 0DE0B40926AA140600BCB033 /* Main.storyboard */; };
		0DE0B40D26AA140600BCB033 /* Assets.xcassets in Resources */ = {isa = PBXBuildFile; fileRef = 0DE0B40C26AA140600BCB033 /* Assets.xcassets */; };
		0DE0B41026AA140600BCB033 /* LaunchScreen.storyboard in Resources */ = {isa = PBXBuildFile; fileRef = 0DE0B40E26AA140600BCB033 /* LaunchScreen.storyboard */; };
		0DE0B41D26AA158100BCB033 /* CrystallBallViewController.swift in Sources */ = {isa = PBXBuildFile; fileRef = 0DE0B41C26AA158100BCB033 /* CrystallBallViewController.swift */; };
		0DE0B41F26AA15AB00BCB033 /* UIViewExtension.swift in Sources */ = {isa = PBXBuildFile; fileRef = 0DE0B41E26AA15AB00BCB033 /* UIViewExtension.swift */; };
		0DE0B42826AB268C00BCB033 /* space.mp4 in Resources */ = {isa = PBXBuildFile; fileRef = 0DE0B42526AA3EDE00BCB033 /* space.mp4 */; };
		0DE0B42A26AB2A7500BCB033 /* stars.mp4 in Resources */ = {isa = PBXBuildFile; fileRef = 0DE0B42926AB2A7000BCB033 /* stars.mp4 */; };
/* End PBXBuildFile section */

/* Begin PBXFileReference section */
		0DE0B40026AA140500BCB033 /* crystalBallProgrammatic.app */ = {isa = PBXFileReference; explicitFileType = wrapper.application; includeInIndex = 0; path = crystalBallProgrammatic.app; sourceTree = BUILT_PRODUCTS_DIR; };
		0DE0B40326AA140600BCB033 /* AppDelegate.swift */ = {isa = PBXFileReference; lastKnownFileType = sourcecode.swift; path = AppDelegate.swift; sourceTree = "<group>"; };
		0DE0B40526AA140600BCB033 /* SceneDelegate.swift */ = {isa = PBXFileReference; lastKnownFileType = sourcecode.swift; path = SceneDelegate.swift; sourceTree = "<group>"; };
		0DE0B40726AA140600BCB033 /* ViewController.swift */ = {isa = PBXFileReference; lastKnownFileType = sourcecode.swift; path = ViewController.swift; sourceTree = "<group>"; };
		0DE0B40A26AA140600BCB033 /* Base */ = {isa = PBXFileReference; lastKnownFileType = file.storyboard; name = Base; path = Base.lproj/Main.storyboard; sourceTree = "<group>"; };
		0DE0B40C26AA140600BCB033 /* Assets.xcassets */ = {isa = PBXFileReference; lastKnownFileType = folder.assetcatalog; path = Assets.xcassets; sourceTree = "<group>"; };
		0DE0B40F26AA140600BCB033 /* Base */ = {isa = PBXFileReference; lastKnownFileType = file.storyboard; name = Base; path = Base.lproj/LaunchScreen.storyboard; sourceTree = "<group>"; };
		0DE0B41126AA140600BCB033 /* Info.plist */ = {isa = PBXFileReference; lastKnownFileType = text.plist.xml; path = Info.plist; sourceTree = "<group>"; };
		0DE0B41C26AA158100BCB033 /* CrystallBallViewController.swift */ = {isa = PBXFileReference; lastKnownFileType = sourcecode.swift; path = CrystallBallViewController.swift; sourceTree = "<group>"; };
		0DE0B41E26AA15AB00BCB033 /* UIViewExtension.swift */ = {isa = PBXFileReference; lastKnownFileType = sourcecode.swift; path = UIViewExtension.swift; sourceTree = "<group>"; };
		0DE0B42526AA3EDE00BCB033 /* space.mp4 */ = {isa = PBXFileReference; lastKnownFileType = file; path = space.mp4; sourceTree = "<group>"; };
		0DE0B42926AB2A7000BCB033 /* stars.mp4 */ = {isa = PBXFileReference; lastKnownFileType = file; path = stars.mp4; sourceTree = "<group>"; };
/* End PBXFileReference section */

/* Begin PBXFrameworksBuildPhase section */
		0DE0B3FD26AA140500BCB033 /* Frameworks */ = {
			isa = PBXFrameworksBuildPhase;
			buildActionMask = 2147483647;
			files = (
			);
			runOnlyForDeploymentPostprocessing = 0;
		};
/* End PBXFrameworksBuildPhase section */

/* Begin PBXGroup section */
		0DE0B3F726AA140500BCB033 = {
			isa = PBXGroup;
			children = (
				0DE0B40226AA140500BCB033 /* crystalBallProgrammatic */,
				0DE0B40126AA140500BCB033 /* Products */,
			);
			sourceTree = "<group>";
		};
		0DE0B40126AA140500BCB033 /* Products */ = {
			isa = PBXGroup;
			children = (
				0DE0B40026AA140500BCB033 /* crystalBallProgrammatic.app */,
			);
			name = Products;
			sourceTree = "<group>";
		};
		0DE0B40226AA140500BCB033 /* crystalBallProgrammatic */ = {
			isa = PBXGroup;
			children = (
				0DE0B41926AA152800BCB033 /* Controllers */,
				0DE0B41826AA151A00BCB033 /* Extensions */,
				0DE0B41726AA150000BCB033 /* Resources */,
				0DE0B40726AA140600BCB033 /* ViewController.swift */,
				0DE0B40926AA140600BCB033 /* Main.storyboard */,
				0DE0B40E26AA140600BCB033 /* LaunchScreen.storyboard */,
			);
			path = crystalBallProgrammatic;
			sourceTree = "<group>";
		};
		0DE0B41726AA150000BCB033 /* Resources */ = {
			isa = PBXGroup;
			children = (
				0DE0B42926AB2A7000BCB033 /* stars.mp4 */,
				0DE0B40326AA140600BCB033 /* AppDelegate.swift */,
				0DE0B40526AA140600BCB033 /* SceneDelegate.swift */,
				0DE0B40C26AA140600BCB033 /* Assets.xcassets */,
				0DE0B41126AA140600BCB033 /* Info.plist */,
			);
			path = Resources;
			sourceTree = "<group>";
		};
		0DE0B41826AA151A00BCB033 /* Extensions */ = {
			isa = PBXGroup;
			children = (
				0DE0B41E26AA15AB00BCB033 /* UIViewExtension.swift */,
			);
			path = Extensions;
			sourceTree = "<group>";
		};
		0DE0B41926AA152800BCB033 /* Controllers */ = {
			isa = PBXGroup;
			children = (
				0DE0B41B26AA155500BCB033 /* ViewControllers */,
			);
			path = Controllers;
			sourceTree = "<group>";
		};
		0DE0B41B26AA155500BCB033 /* ViewControllers */ = {
			isa = PBXGroup;
			children = (
				0DE0B42526AA3EDE00BCB033 /* space.mp4 */,
				0DE0B41C26AA158100BCB033 /* CrystallBallViewController.swift */,
			);
			path = ViewControllers;
			sourceTree = "<group>";
		};
/* End PBXGroup section */

/* Begin PBXNativeTarget section */
		0DE0B3FF26AA140500BCB033 /* crystalBallProgrammatic */ = {
			isa = PBXNativeTarget;
			buildConfigurationList = 0DE0B41426AA140600BCB033 /* Build configuration list for PBXNativeTarget "crystalBallProgrammatic" */;
			buildPhases = (
				0DE0B3FC26AA140500BCB033 /* Sources */,
				0DE0B3FD26AA140500BCB033 /* Frameworks */,
				0DE0B3FE26AA140500BCB033 /* Resources */,
			);
			buildRules = (
			);
			dependencies = (
			);
			name = crystalBallProgrammatic;
			productName = crystalBallProgrammatic;
			productReference = 0DE0B40026AA140500BCB033 /* crystalBallProgrammatic.app */;
			productType = "com.apple.product-type.application";
		};
/* End PBXNativeTarget section */

/* Begin PBXProject section */
		0DE0B3F826AA140500BCB033 /* Project object */ = {
			isa = PBXProject;
			attributes = {
				LastSwiftUpdateCheck = 1250;
				LastUpgradeCheck = 1250;
				TargetAttributes = {
					0DE0B3FF26AA140500BCB033 = {
						CreatedOnToolsVersion = 12.5.1;
					};
				};
			};
			buildConfigurationList = 0DE0B3FB26AA140500BCB033 /* Build configuration list for PBXProject "crystalBallProgrammatic" */;
			compatibilityVersion = "Xcode 9.3";
			developmentRegion = en;
			hasScannedForEncodings = 0;
			knownRegions = (
				en,
				Base,
			);
			mainGroup = 0DE0B3F726AA140500BCB033;
			productRefGroup = 0DE0B40126AA140500BCB033 /* Products */;
			projectDirPath = "";
			projectRoot = "";
			targets = (
				0DE0B3FF26AA140500BCB033 /* crystalBallProgrammatic */,
			);
		};
/* End PBXProject section */

/* Begin PBXResourcesBuildPhase section */
		0DE0B3FE26AA140500BCB033 /* Resources */ = {
			isa = PBXResourcesBuildPhase;
			buildActionMask = 2147483647;
			files = (
				0DE0B42A26AB2A7500BCB033 /* stars.mp4 in Resources */,
				0DE0B42826AB268C00BCB033 /* space.mp4 in Resources */,
				0DE0B41026AA140600BCB033 /* LaunchScreen.storyboard in Resources */,
				0DE0B40D26AA140600BCB033 /* Assets.xcassets in Resources */,
				0DE0B40B26AA140600BCB033 /* Main.storyboard in Resources */,
			);
			runOnlyForDeploymentPostprocessing = 0;
		};
/* End PBXResourcesBuildPhase section */

/* Begin PBXSourcesBuildPhase section */
		0DE0B3FC26AA140500BCB033 /* Sources */ = {
			isa = PBXSourcesBuildPhase;
			buildActionMask = 2147483647;
			files = (
				0DE0B41F26AA15AB00BCB033 /* UIViewExtension.swift in Sources */,
				0DE0B40826AA140600BCB033 /* ViewController.swift in Sources */,
				0DE0B40426AA140600BCB033 /* AppDelegate.swift in Sources */,
				0DE0B41D26AA158100BCB033 /* CrystallBallViewController.swift in Sources */,
				0DE0B40626AA140600BCB033 /* SceneDelegate.swift in Sources */,
			);
			runOnlyForDeploymentPostprocessing = 0;
		};
/* End PBXSourcesBuildPhase section */

/* Begin PBXVariantGroup section */
		0DE0B40926AA140600BCB033 /* Main.storyboard */ = {
			isa = PBXVariantGroup;
			children = (
				0DE0B40A26AA140600BCB033 /* Base */,
			);
			name = Main.storyboard;
			sourceTree = "<group>";
		};
		0DE0B40E26AA140600BCB033 /* LaunchScreen.storyboard */ = {
			isa = PBXVariantGroup;
			children = (
				0DE0B40F26AA140600BCB033 /* Base */,
			);
			name = LaunchScreen.storyboard;
			sourceTree = "<group>";
		};
/* End PBXVariantGroup section */

/* Begin XCBuildConfiguration section */
		0DE0B41226AA140600BCB033 /* Debug */ = {
			isa = XCBuildConfiguration;
			buildSettings = {
				ALWAYS_SEARCH_USER_PATHS = NO;
				CLANG_ANALYZER_NONNULL = YES;
				CLANG_ANALYZER_NUMBER_OBJECT_CONVERSION = YES_AGGRESSIVE;
				CLANG_CXX_LANGUAGE_STANDARD = "gnu++14";
				CLANG_CXX_LIBRARY = "libc++";
				CLANG_ENABLE_MODULES = YES;
				CLANG_ENABLE_OBJC_ARC = YES;
				CLANG_ENABLE_OBJC_WEAK = YES;
				CLANG_WARN_BLOCK_CAPTURE_AUTORELEASING = YES;
				CLANG_WARN_BOOL_CONVERSION = YES;
				CLANG_WARN_COMMA = YES;
				CLANG_WARN_CONSTANT_CONVERSION = YES;
				CLANG_WARN_DEPRECATED_OBJC_IMPLEMENTATIONS = YES;
				CLANG_WARN_DIRECT_OBJC_ISA_USAGE = YES_ERROR;
				CLANG_WARN_DOCUMENTATION_COMMENTS = YES;
				CLANG_WARN_EMPTY_BODY = YES;
				CLANG_WARN_ENUM_CONVERSION = YES;
				CLANG_WARN_INFINITE_RECURSION = YES;
				CLANG_WARN_INT_CONVERSION = YES;
				CLANG_WARN_NON_LITERAL_NULL_CONVERSION = YES;
				CLANG_WARN_OBJC_IMPLICIT_RETAIN_SELF = YES;
				CLANG_WARN_OBJC_LITERAL_CONVERSION = YES;
				CLANG_WARN_OBJC_ROOT_CLASS = YES_ERROR;
				CLANG_WARN_QUOTED_INCLUDE_IN_FRAMEWORK_HEADER = YES;
				CLANG_WARN_RANGE_LOOP_ANALYSIS = YES;
				CLANG_WARN_STRICT_PROTOTYPES = YES;
				CLANG_WARN_SUSPICIOUS_MOVE = YES;
				CLANG_WARN_UNGUARDED_AVAILABILITY = YES_AGGRESSIVE;
				CLANG_WARN_UNREACHABLE_CODE = YES;
				CLANG_WARN__DUPLICATE_METHOD_MATCH = YES;
				COPY_PHASE_STRIP = NO;
				DEBUG_INFORMATION_FORMAT = dwarf;
				ENABLE_STRICT_OBJC_MSGSEND = YES;
				ENABLE_TESTABILITY = YES;
				GCC_C_LANGUAGE_STANDARD = gnu11;
				GCC_DYNAMIC_NO_PIC = NO;
				GCC_NO_COMMON_BLOCKS = YES;
				GCC_OPTIMIZATION_LEVEL = 0;
				GCC_PREPROCESSOR_DEFINITIONS = (
					"DEBUG=1",
					"$(inherited)",
				);
				GCC_WARN_64_TO_32_BIT_CONVERSION = YES;
				GCC_WARN_ABOUT_RETURN_TYPE = YES_ERROR;
				GCC_WARN_UNDECLARED_SELECTOR = YES;
				GCC_WARN_UNINITIALIZED_AUTOS = YES_AGGRESSIVE;
				GCC_WARN_UNUSED_FUNCTION = YES;
				GCC_WARN_UNUSED_VARIABLE = YES;
				IPHONEOS_DEPLOYMENT_TARGET = 14.5;
				MTL_ENABLE_DEBUG_INFO = INCLUDE_SOURCE;
				MTL_FAST_MATH = YES;
				ONLY_ACTIVE_ARCH = YES;
				SDKROOT = iphoneos;
				SWIFT_ACTIVE_COMPILATION_CONDITIONS = DEBUG;
				SWIFT_OPTIMIZATION_LEVEL = "-Onone";
			};
			name = Debug;
		};
		0DE0B41326AA140600BCB033 /* Release */ = {
			isa = XCBuildConfiguration;
			buildSettings = {
				ALWAYS_SEARCH_USER_PATHS = NO;
				CLANG_ANALYZER_NONNULL = YES;
				CLANG_ANALYZER_NUMBER_OBJECT_CONVERSION = YES_AGGRESSIVE;
				CLANG_CXX_LANGUAGE_STANDARD = "gnu++14";
				CLANG_CXX_LIBRARY = "libc++";
				CLANG_ENABLE_MODULES = YES;
				CLANG_ENABLE_OBJC_ARC = YES;
				CLANG_ENABLE_OBJC_WEAK = YES;
				CLANG_WARN_BLOCK_CAPTURE_AUTORELEASING = YES;
				CLANG_WARN_BOOL_CONVERSION = YES;
				CLANG_WARN_COMMA = YES;
				CLANG_WARN_CONSTANT_CONVERSION = YES;
				CLANG_WARN_DEPRECATED_OBJC_IMPLEMENTATIONS = YES;
				CLANG_WARN_DIRECT_OBJC_ISA_USAGE = YES_ERROR;
				CLANG_WARN_DOCUMENTATION_COMMENTS = YES;
				CLANG_WARN_EMPTY_BODY = YES;
				CLANG_WARN_ENUM_CONVERSION = YES;
				CLANG_WARN_INFINITE_RECURSION = YES;
				CLANG_WARN_INT_CONVERSION = YES;
				CLANG_WARN_NON_LITERAL_NULL_CONVERSION = YES;
				CLANG_WARN_OBJC_IMPLICIT_RETAIN_SELF = YES;
				CLANG_WARN_OBJC_LITERAL_CONVERSION = YES;
				CLANG_WARN_OBJC_ROOT_CLASS = YES_ERROR;
				CLANG_WARN_QUOTED_INCLUDE_IN_FRAMEWORK_HEADER = YES;
				CLANG_WARN_RANGE_LOOP_ANALYSIS = YES;
				CLANG_WARN_STRICT_PROTOTYPES = YES;
				CLANG_WARN_SUSPICIOUS_MOVE = YES;
				CLANG_WARN_UNGUARDED_AVAILABILITY = YES_AGGRESSIVE;
				CLANG_WARN_UNREACHABLE_CODE = YES;
				CLANG_WARN__DUPLICATE_METHOD_MATCH = YES;
				COPY_PHASE_STRIP = NO;
				DEBUG_INFORMATION_FORMAT = "dwarf-with-dsym";
				ENABLE_NS_ASSERTIONS = NO;
				ENABLE_STRICT_OBJC_MSGSEND = YES;
				GCC_C_LANGUAGE_STANDARD = gnu11;
				GCC_NO_COMMON_BLOCKS = YES;
				GCC_WARN_64_TO_32_BIT_CONVERSION = YES;
				GCC_WARN_ABOUT_RETURN_TYPE = YES_ERROR;
				GCC_WARN_UNDECLARED_SELECTOR = YES;
				GCC_WARN_UNINITIALIZED_AUTOS = YES_AGGRESSIVE;
				GCC_WARN_UNUSED_FUNCTION = YES;
				GCC_WARN_UNUSED_VARIABLE = YES;
				IPHONEOS_DEPLOYMENT_TARGET = 14.5;
				MTL_ENABLE_DEBUG_INFO = NO;
				MTL_FAST_MATH = YES;
				SDKROOT = iphoneos;
				SWIFT_COMPILATION_MODE = wholemodule;
				SWIFT_OPTIMIZATION_LEVEL = "-O";
				VALIDATE_PRODUCT = YES;
			};
			name = Release;
		};
		0DE0B41526AA140600BCB033 /* Debug */ = {
			isa = XCBuildConfiguration;
			buildSettings = {
				ASSETCATALOG_COMPILER_APPICON_NAME = AppIcon;
				ASSETCATALOG_COMPILER_GLOBAL_ACCENT_COLOR_NAME = AccentColor;
				CODE_SIGN_STYLE = Automatic;
				DEVELOPMENT_TEAM = 5L2PGYP5GB;
				INFOPLIST_FILE = crystalBallProgrammatic/Resources/Info.plist;
				LD_RUNPATH_SEARCH_PATHS = (
					"$(inherited)",
					"@executable_path/Frameworks",
				);
				PRODUCT_BUNDLE_IDENTIFIER = "James-Lea.crystalBallProgrammatic";
				PRODUCT_NAME = "$(TARGET_NAME)";
				SWIFT_VERSION = 5.0;
				TARGETED_DEVICE_FAMILY = "1,2";
			};
			name = Debug;
		};
		0DE0B41626AA140600BCB033 /* Release */ = {
			isa = XCBuildConfiguration;
			buildSettings = {
				ASSETCATALOG_COMPILER_APPICON_NAME = AppIcon;
				ASSETCATALOG_COMPILER_GLOBAL_ACCENT_COLOR_NAME = AccentColor;
				CODE_SIGN_STYLE = Automatic;
				DEVELOPMENT_TEAM = 5L2PGYP5GB;
				INFOPLIST_FILE = crystalBallProgrammatic/Resources/Info.plist;
				LD_RUNPATH_SEARCH_PATHS = (
					"$(inherited)",
					"@executable_path/Frameworks",
				);
				PRODUCT_BUNDLE_IDENTIFIER = "James-Lea.crystalBallProgrammatic";
				PRODUCT_NAME = "$(TARGET_NAME)";
				SWIFT_VERSION = 5.0;
				TARGETED_DEVICE_FAMILY = "1,2";
			};
			name = Release;
		};
/* End XCBuildConfiguration section */

/* Begin XCConfigurationList section */
		0DE0B3FB26AA140500BCB033 /* Build configuration list for PBXProject "crystalBallProgrammatic" */ = {
			isa = XCConfigurationList;
			buildConfigurations = (
				0DE0B41226AA140600BCB033 /* Debug */,
				0DE0B41326AA140600BCB033 /* Release */,
			);
			defaultConfigurationIsVisible = 0;
			defaultConfigurationName = Release;
		};
		0DE0B41426AA140600BCB033 /* Build configuration list for PBXNativeTarget "crystalBallProgrammatic" */ = {
			isa = XCConfigurationList;
			buildConfigurations = (
				0DE0B41526AA140600BCB033 /* Debug */,
				0DE0B41626AA140600BCB033 /* Release */,
			);
			defaultConfigurationIsVisible = 0;
			defaultConfigurationName = Release;
		};
/* End XCConfigurationList section */
	};
	rootObject = 0DE0B3F826AA140500BCB033 /* Project object */;
}
